# This file is automatically @generated by Poetry 2.1.3 and should not be changed by hand.

[[package]]
name = "greenlet"
version = "3.3.2"
description = "Lightweight in-process concurrent programming"
optional = false
python-versions = ">=3.10"
groups = ["main"]
markers = "platform_machine == \"aarch64\" or platform_machine == \"ppc64le\" or platform_machine == \"x86_64\" or platform_machine == \"amd64\" or platform_machine == \"AMD64\" or platform_machine == \"win32\" or platform_machine == \"WIN32\""
files = [
    {file = "greenlet-3.3.2-cp310-cp310-macosx_11_0_universal2.whl", hash = "sha256:9bc885b89709d901859cf95179ec9f6bb67a3d2bb1f0e88456461bd4b7f8fd0d"},
    {file = "greenlet-3.3.2-cp310-cp310-manylinux_2_24_aarch64.manylinux_2_28_aarch64.whl", hash = "sha256:b568183cf65b94919be4438dc28416b234b678c608cafac8874dfeeb2a9bbe13"},
    {file = "greenlet-3.3.2-cp310-cp310-manylinux_2_24_ppc64le.manylinux_2_28_ppc64le.whl", hash = "sha256:527fec58dc9f90efd594b9b700662ed3fb2493c2122067ac9c740d98080a620e"},
    {file = "greenlet-3.3.2-cp310-cp310-manylinux_2_24_s390x.manylinux_2_28_s390x.whl", hash = "sha256:508c7f01f1791fbc8e011bd508f6794cb95397fdb198a46cb6635eb5b78d85a7"},
    {file = "greenlet-3.3.2-cp310-cp310-manylinux_2_24_x86_64.manylinux_2_28_x86_64.whl", hash = "sha256:ad0c8917dd42a819fe77e6bdfcb84e3379c0de956469301d9fd36427a1ca501f"},
    {file = "greenlet-3.3.2-cp310-cp310-musllinux_1_2_aarch64.whl", hash = "sha256:97245cc10e5515dbc8c3104b2928f7f02b6813002770cfaffaf9a6e0fc2b94ef"},
    {file = "greenlet-3.3.2-cp310-cp310-musllinux_1_2_x86_64.whl", hash = "sha256:8c1fdd7d1b309ff0da81d60a9688a8bd044ac4e18b250320a96fc68d31c209ca"},
    {file = "greenlet-3.3.2-cp310-cp310-win_amd64.whl", hash = "sha256:5d0e35379f93a6d0222de929a25ab47b5eb35b5ef4721c2b9cbcc4036129ff1f"},
    {file = "greenlet-3.3.2-cp311-cp311-macosx_11_0_universal2.whl", hash = "sha256:c56692189a7d1c7606cb794be0a8381470d95c57ce5be03fb3d0ef57c7853b86"},
    {file = "greenlet-3.3.2-cp311-cp311-manylinux_2_24_aarch64.manylinux_2_28_aarch64.whl", hash = "sha256:1ebd458fa8285960f382841da585e02201b53a5ec2bac6b156fc623b5ce4499f"},
    {file = "greenlet-3.3.2-cp311-cp311-manylinux_2_24_ppc64le.manylinux_2_28_ppc64le.whl", hash = "sha256:a443358b33c4ec7b05b79a7c8b466f5d275025e750298be7340f8fc63dff2a55"},
    {file = "greenlet-3.3.2-cp311-cp311-manylinux_2_24_s390x.manylinux_2_28_s390x.whl", hash = "sha256:4375a58e49522698d3e70cc0b801c19433021b5c37686f7ce9c65b0d5c8677d2"},
    {file = "greenlet-3.3.2-cp311-cp311-manylinux_2_24_x86_64.manylinux_2_28_x86_64.whl", hash = "sha256:8e2cd90d413acbf5e77ae41e5d3c9b3ac1d011a756d7284d7f3f2b806bbd6358"},
    {file = "greenlet-3.3.2-cp311-cp311-musllinux_1_2_aarch64.whl", hash = "sha256:442b6057453c8cb29b4fb36a2ac689382fc71112273726e2423f7f17dc73bf99"},
    {file = "greenlet-3.3.2-cp311-cp311-musllinux_1_2_x86_64.whl", hash = "sha256:45abe8eb6339518180d5a7fa47fa01945414d7cca5ecb745346fc6a87d2750be"},
    {file = "greenlet-3.3.2-cp311-cp311-win_amd64.whl", hash = "sha256:1e692b2dae4cc7077cbb11b47d258533b48c8fde69a33d0d8a82e2fe8d8531d5"},
    {file = "greenlet-3.3.2-cp311-cp311-win_arm64.whl", hash = "sha256:02b0a8682aecd4d3c6c18edf52bc8e51eacdd75c8eac52a790a210b06aa295fd"},
    {file = "greenlet-3.3.2-cp312-cp312-macosx_11_0_universal2.whl", hash = "sha256:ac8d61d4343b799d1e526db579833d72f23759c71e07181c2d2944e429eb09cd"},
    {file = "greenlet-3.3.2-cp312-cp312-manylinux_2_24_aarch64.manylinux_2_28_aarch64.whl", hash = "sha256:3ceec72030dae6ac0c8ed7591b96b70410a8be370b6a477b1dbc072856ad02bd"},
    {file = "greenlet-3.3.2-cp312-cp312-manylinux_2_24_ppc64le.manylinux_2_28_ppc64le.whl", hash = "sha256:a2a5be83a45ce6188c045bcc44b0ee037d6a518978de9a5d97438548b953a1ac"},
    {file = "greenlet-3.3.2-cp312-cp312-manylinux_2_24_s390x.manylinux_2_28_s390x.whl", hash = "sha256:ae9e21c84035c490506c17002f5c8ab25f980205c3e61ddb3a2a2a2e6c411fcb"},
    {file = "greenlet-3.3.2-cp312-cp312-manylinux_2_24_x86_64.manylinux_2_28_x86_64.whl", hash = "sha256:43e99d1749147ac21dde49b99c9abffcbc1e2d55c67501465ef0930d6e78e070"},
    {file = "greenlet-3.3.2-cp312-cp312-musllinux_1_2_aarch64.whl", hash = "sha256:4c956a19350e2c37f2c48b336a3afb4bff120b36076d9d7fb68cb44e05d95b79"},
    {file = "greenlet-3.3.2-cp312-cp312-musllinux_1_2_x86_64.whl", hash = "sha256:6c6f8ba97d17a1e7d664151284cb3315fc5f8353e75221ed4324f84eb162b395"},
    {file = "greenlet-3.3.2-cp312-cp312-win_amd64.whl", hash = "sha256:34308836d8370bddadb41f5a7ce96879b72e2fdfb4e87729330c6ab52376409f"},
    {file = "greenlet-3.3.2-cp312-cp312-win_arm64.whl", hash = "sha256:d3a62fa76a32b462a97198e4c9e99afb9ab375115e74e9a83ce180e7a496f643"},
    {file = "greenlet-3.3.2-cp313-cp313-macosx_11_0_universal2.whl", hash = "sha256:aa6ac98bdfd716a749b84d4034486863fd81c3abde9aa3cf8eff9127981a4ae4"},
    {file = "greenlet-3.3.2-cp313-cp313-manylinux_2_24_aarch64.manylinux_2_28_aarch64.whl", hash = "sha256:ab0c7e7901a00bc0a7284907273dc165b32e0d109a6713babd04471327ff7986"},
    {file = "greenlet-3.3.2-cp313-cp313-manylinux_2_24_ppc64le.manylinux_2_28_ppc64le.whl", hash = "sha256:d248d8c23c67d2291ffd47af766e2a3aa9fa1c6703155c099feb11f526c63a92"},
    {file = "greenlet-3.3.2-cp313-cp313-manylinux_2_24_s390x.manylinux_2_28_s390x.whl", hash = "sha256:ccd21bb86944ca9be6d967cf7691e658e43417782bce90b5d2faeda0ff78a7dd"},
    {file = "greenlet-3.3.2-cp313-cp313-manylinux_2_24_x86_64.manylinux_2_28_x86_64.whl", hash = "sha256:b6997d360a4e6a4e936c0f9625b1c20416b8a0ea18a8e19cabbefc712e7397ab"},
    {file = "greenlet-3.3.2-cp313-cp313-musllinux_1_2_aarch64.whl", hash = "sha256:64970c33a50551c7c50491671265d8954046cb6e8e2999aacdd60e439b70418a"},
    {file = "greenlet-3.3.2-cp313-cp313-musllinux_1_2_x86_64.whl", hash = "sha256:1a9172f5bf6bd88e6ba5a84e0a68afeac9dc7b6b412b245dd64f52d83c81e55b"},
    {file = "greenlet-3.3.2-cp313-cp313-win_amd64.whl", hash = "sha256:a7945dd0eab63ded0a48e4dcade82939783c172290a7903ebde9e184333ca124"},
    {file = "greenlet-3.3.2-cp313-cp313-win_arm64.whl", hash = "sha256:394ead29063ee3515b4e775216cb756b2e3b4a7e55ae8fd884f17fa579e6b327"},
    {file = "greenlet-3.3.2-cp314-cp314-macosx_11_0_universal2.whl", hash = "sha256:8d1658d7291f9859beed69a776c10822a0a799bc4bfe1bd4272bb60e62507dab"},
    {file = "greenlet-3.3.2-cp314-cp314-manylinux_2_24_aarch64.manylinux_2_28_aarch64.whl", hash = "sha256:18cb1b7337bca281915b3c5d5ae19f4e76d35e1df80f4ad3c1a7be91fadf1082"},
    {file = "greenlet-3.3.2-cp314-cp314-manylinux_2_24_ppc64le.manylinux_2_28_ppc64le.whl", hash = "sha256:c2e47408e8ce1c6f1ceea0dffcdf6ebb85cc09e55c7af407c99f1112016e45e9"},
    {file = "greenlet-3.3.2-cp314-cp314-manylinux_2_24_s390x.manylinux_2_28_s390x.whl", hash = "sha256:e3cb43ce200f59483eb82949bf1835a99cf43d7571e900d7c8d5c62cdf25d2f9"},
    {file = "greenlet-3.3.2-cp314-cp314-manylinux_2_24_x86_64.manylinux_2_28_x86_64.whl", hash = "sha256:63d10328839d1973e5ba35e98cccbca71b232b14051fd957b6f8b6e8e80d0506"},
    {file = "greenlet-3.3.2-cp314-cp314-musllinux_1_2_aarch64.whl", hash = "sha256:8e4ab3cfb02993c8cc248ea73d7dae6cec0253e9afa311c9b37e603ca9fad2ce"},
    {file = "greenlet-3.3.2-cp314-cp314-musllinux_1_2_x86_64.whl", hash = "sha256:94ad81f0fd3c0c0681a018a976e5c2bd2ca2d9d94895f23e7bb1af4e8af4e2d5"},
    {file = "greenlet-3.3.2-cp314-cp314-win_amd64.whl", hash = "sha256:8c4dd0f3997cf2512f7601563cc90dfb8957c0cff1e3a1b23991d4ea1776c492"},
    {file = "greenlet-3.3.2-cp314-cp314-win_arm64.whl", hash = "sha256:cd6f9e2bbd46321ba3bbb4c8a15794d32960e3b0ae2cc4d49a1a53d314805d71"},
    {file = "greenlet-3.3.2-cp314-cp314t-macosx_11_0_universal2.whl", hash = "sha256:e26e72bec7ab387ac80caa7496e0f908ff954f31065b0ffc1f8ecb1338b11b54"},
    {file = "greenlet-3.3.2-cp314-cp314t-manylinux_2_24_aarch64.manylinux_2_28_aarch64.whl", hash = "sha256:8b466dff7a4ffda6ca975979bab80bdadde979e29fc947ac3be4451428d8b0e4"},
    {file = "greenlet-3.3.2-cp314-cp314t-manylinux_2_24_ppc64le.manylinux_2_28_ppc64le.whl", hash = "sha256:b8bddc5b73c9720bea487b3bffdb1840fe4e3656fba3bd40aa1489e9f37877ff"},
    {file = "greenlet-3.3.2-cp314-cp314t-manylinux_2_24_s390x.manylinux_2_28_s390x.whl", hash = "sha256:59b3e2c40f6706b05a9cd299c836c6aa2378cabe25d021acd80f13abf81181cf"},
    {file = "greenlet-3.3.2-cp314-cp314t-manylinux_2_24_x86_64.manylinux_2_28_x86_64.whl", hash = "sha256:b26b0f4428b871a751968285a1ac9648944cea09807177ac639b030bddebcea4"},
    {file = "greenlet-3.3.2-cp314-cp314t-musllinux_1_2_aarch64.whl", hash = "sha256:1fb39a11ee2e4d94be9a76671482be9398560955c9e568550de0224e41104727"},
    {file = "greenlet-3.3.2-cp314-cp314t-musllinux_1_2_x86_64.whl", hash = "sha256:20154044d9085151bc309e7689d6f7ba10027f8f5a8c0676ad398b951913d89e"},
    {file = "greenlet-3.3.2-cp314-cp314t-win_amd64.whl", hash = "sha256:c04c5e06ec3e022cbfe2cd4a846e1d4e50087444f875ff6d2c2ad8445495cf1a"},
    {file = "greenlet-3.3.2.tar.gz", hash = "sha256:2eaf067fc6d886931c7962e8c6bede15d2f01965560f3359b27c80bde2d151f2"},
]

[package.extras]
docs = ["Sphinx", "furo"]
test = ["objgraph", "psutil", "setuptools"]

[[package]]
name = "pyqt6"
version = "6.10.2"
description = "Python bindings for the Qt cross platform application toolkit"
optional = false
python-versions = ">=3.9"
groups = ["main"]
files = [
    {file = "pyqt6-6.10.2-cp39-abi3-macosx_10_14_universal2.whl", hash = "sha256:37ae7c1183fe4dd0c6aefd2006a35731245de1cb6f817bb9e414a3e4848dfd6d"},
    {file = "pyqt6-6.10.2-cp39-abi3-manylinux_2_34_x86_64.whl", hash = "sha256:78e1b3d5763e4cbc84485aef600e0aba5e1932fd263b716f92cd1a40dfa5e924"},
    {file = "pyqt6-6.10.2-cp39-abi3-manylinux_2_39_aarch64.whl", hash = "sha256:bbc3af541bbecd27301bfe69fe445aa1611a9b490bd3de77306b12df632f7ec6"},
    {file = "pyqt6-6.10.2-cp39-abi3-win_amd64.whl", hash = "sha256:bd328cb70bc382c48861cd5f0a11b2b8ae6f5692d5a2d6679ba52785dced327b"},
    {file = "pyqt6-6.10.2-cp39-abi3-win_arm64.whl", hash = "sha256:7901ba1df024b7ee9fdacfb2b7661aeb3749ae8b0bef65428077de3e0450eabb"},
    {file = "pyqt6-6.10.2.tar.gz", hash = "sha256:6c0db5d8cbb9a3e7e2b5b51d0ff3f283121fa27b864db6d2f35b663c9be5cc83"},
]

[package.dependencies]
PyQt6-Qt6 = ">=6.10.0,<6.11.0"
PyQt6-sip = ">=13.8,<14"

[[package]]
name = "pyqt6-qt6"
version = "6.10.2"
description = "The subset of a Qt installation needed by PyQt6."
optional = false
python-versions = "*"
groups = ["main"]
files = [
    {file = "pyqt6_qt6-6.10.2-py3-none-macosx_10_14_x86_64.whl", hash = "sha256:5761cfccc721da2311c3f1213577f0ff1df07bbbbe3fa3a209a256b82cf057e3"},
    {file = "pyqt6_qt6-6.10.2-py3-none-macosx_11_0_arm64.whl", hash = "sha256:6dda853a8db1b8d1a2ddbbe76cc6c3aa86614cad14056bd3c0435d8feea73b2d"},
    {file = "pyqt6_qt6-6.10.2-py3-none-manylinux_2_34_x86_64.whl", hash = "sha256:19c10b5f0806e9f9bac2c9759bd5d7d19a78967f330fd60a2db409177fa76e49"},
    {file = "pyqt6_qt6-6.10.2-py3-none-manylinux_2_39_aarch64.whl", hash = "sha256:2e60d616861ca4565cd295418d605975aa2dc407ba4b94c1586a70c92e9cb052"},
    {file = "pyqt6_qt6-6.10.2-py3-none-win_amd64.whl", hash = "sha256:c4b7f7d66cc58bddf1bc1ca28dfcf7a45f58cfcb11d81d13a0510409dd4957ac"},
    {file = "pyqt6_qt6-6.10.2-py3-none-win_arm64.whl", hash = "sha256:7164a6f0c1335358a3026df9865c8f75395b01f60f0dcd2f66c029ec16fc83d2"},
]

[[package]]
name = "pyqt6-sip"
version = "13.11.0"
description = "The sip module support for PyQt6"
optional = false
python-versions = ">=3.10"
groups = ["main"]
files = [
    {file = "pyqt6_sip-13.11.0-cp310-cp310-macosx_10_9_universal2.whl", hash = "sha256:90b597feae3c374eb1af7bfc515836aa39829ff3a1dffa5fe92ba139d273946a"},
    {file = "pyqt6_sip-13.11.0-cp310-cp310-manylinux1_x86_64.manylinux_2_5_x86_64.whl", hash = "sha256:261f8f7063c862863f05629219be08be9bddd01d1a83181f8439d19852ae1571"},
    {file = "pyqt6_sip-13.11.0-cp310-cp310-manylinux_2_17_aarch64.manylinux2014_aarch64.whl", hash = "sha256:b8532a5612762a5c1859e4b38359f847e07596ec210942221e22b10df5327fcc"},
    {file = "pyqt6_sip-13.11.0-cp310-cp310-win_amd64.whl", hash = "sha256:87edd15791c7d20fa3ffc68e6f4825f989a6510c11019eb5a11c1622b8802f8d"},
    {file = "pyqt6_sip-13.11.0-cp311-cp311-macosx_10_9_universal2.whl", hash = "sha256:6e329ccc3a6502e2b774ef62ab843ac8b3f32191324e8230e6dde78c1c0df5a8"},
    {file = "pyqt6_sip-13.11.0-cp311-cp311-manylinux1_x86_64.manylinux_2_5_x86_64.whl", hash = "sha256:364424dacdee9e0a2a723646b5608139629ad9bde318dd755d86f5e0ba123c79"},
    {file = "pyqt6_sip-13.11.0-cp311-cp311-manylinux_2_17_aarch64.manylinux2014_aarch64.whl", hash = "sha256:132ee69d935c14bb4ced2a811ef333200c7aa50324bd7caadefd7d5874495225"},
    {file = "pyqt6_sip-13.11.0-cp311-cp311-win_amd64.whl", hash = "sha256:341e52e702d41872515794dea6265ee56b8625c9d3c74ea0468124f0bd675f8b"},
    {file = "pyqt6_sip-13.11.0-cp311-cp311-win_arm64.whl", hash = "sha256:489fdd0910f8c1d5d40255b4cd7b45f4a4549f9a599512bc6b2cc8d384e28852"},
    {file = "pyqt6_sip-13.11.0-cp312-cp312-macosx_10_9_universal2.whl", hash = "sha256:6b3267cd93b7f4da6fdf9a6a26f3baed8faae06e5cdd76235f2acc2116c40a54"},
    {file = "pyqt6_sip-13.11.0-cp312-cp312-manylinux1_x86_64.manylinux_2_5_x86_64.whl", hash = "sha256:c30248d9bbe54c46a78e5d549da50295ecd6584b965597f751e272f000fb8527"},
    {file = "pyqt6_sip-13.11.0-cp312-cp312-manylinux_2_17_aarch64.manylinux2014_aarch64.whl", hash = "sha256:9c367b53a91e575ef66c1375f899713bdaf0a8b2c64b95ac226e9644854a4984"},
    {file = "pyqt6_sip-13.11.0-cp312-cp312-win_amd64.whl", hash = "sha256:077958105c2ea2f62be2f1a7611ff8bd44cb52fb5ea8fc8c59ea949144acb7b5"},
    {file = "pyqt6_sip-13.11.0-cp312-cp312-win_arm64.whl", hash = "sha256:52812471619d3d3750b940d7d124cd0954107656924921ac177e098ba36362fb"},
    {file = "pyqt6_sip-13.11.0-cp313-cp313-macosx_10_13_universal2.whl", hash = "sha256:929716eebde1a64ffdb6b1715db6a22aefd5634d6df84858c7deb5e85be84fdf"},
    {file = "pyqt6_sip-13.11.0-cp313-cp313-manylinux1_x86_64.manylinux_2_5_x86_64.whl", hash = "sha256:a75144e8a0bcf9d1a9069011890401748af353749f1de1b6a314b880781edf9d"},
    {file = "pyqt6_sip-13.11.0-cp313-cp313-manylinux_2_17_aarch64.manylinux2014_aarch64.whl", hash = "sha256:8082b5f57ffad5dddf5efcf0ef5eaf94841395aa4e7c374c79ef24cf49b0f0ce"},
    {file = "pyqt6_sip-13.11.0-cp313-cp313-win_amd64.whl", hash = "sha256:8d49b5bf3d8d36cd7db93ddc54cd09dbba96a3fd926e445ef75499b41e47b5a3"},
    {file = "pyqt6_sip-13.11.0-cp313-cp313-win_arm64.whl", hash = "sha256:293eac1b53c66c54b03266cc30015ec77454af679043a4f188b9bb80a9656996"},
    {file = "pyqt6_sip-13.11.0-cp314-cp314-macosx_10_15_universal2.whl", hash = "sha256:4dc9c4df24af0571423c3e85b5c008bad42ed48558eef80fbc3e5d30274c5abb"},
    {file = "pyqt6_sip-13.11.0-cp314-cp314-manylinux1_x86_64.manylinux_2_5_x86_64.whl", hash = "sha256:c974d5a193f32e55e746e9b63138503163ac63500dbb1fd67233d8a8d71369bd"},
    {file = "pyqt6_sip-13.11.0-cp314-cp314-manylinux_2_17_aarch64.manylinux2014_aarch64.whl", hash = "sha256:4284540ffccd8349763ddce3518264dde62f20556720d4061b9c895e09011ca0"},
    {file = "pyqt6_sip-13.11.0-cp314-cp314-win_amd64.whl", hash = "sha256:9bd81cb351640abc803ea2fe7262b5adea28615c9b96fd103d1b6f3459937211"},
    {file = "pyqt6_sip-13.11.0-cp314-cp314-win_arm64.whl", hash = "sha256:cd95ec98f8edb15bcea832b8657809f69d758bc4151cc6fd7790c0181949e45f"},
    {file = "pyqt6_sip-13.11.0.tar.gz", hash = "sha256:d463af37738bda1856c9ef513e5620a37b7a005e9d589c986c3304db4a8a14d3"},
]

[[package]]
name = "sqlalchemy"
version = "2.0.47"
description = "Database Abstraction Library"
optional = false
python-versions = ">=3.7"
groups = ["main"]
files = [
    {file = "sqlalchemy-2.0.47-cp310-cp310-macosx_11_0_arm64.whl", hash = "sha256:33a917ede39406ddb93c3e642b5bc480be7c5fd0f3d0d6ae1036d466fb963f1a"},
    {file = "sqlalchemy-2.0.47-cp310-cp310-manylinux2014_aarch64.manylinux_2_17_aarch64.manylinux_2_28_aarch64.whl", hash = "sha256:561d027c829b01e040bdade6b6f5b429249d056ef95d7bdcb9211539ecc82803"},
    {file = "sqlalchemy-2.0.47-cp310-cp310-manylinux2014_x86_64.manylinux_2_17_x86_64.manylinux_2_28_x86_64.whl", hash = "sha256:fa5072a37e68c565363c009b7afa5b199b488c87940ec02719860093a08f34ca"},
    {file = "sqlalchemy-2.0.47-cp310-cp310-musllinux_1_2_aarch64.whl", hash = "sha256:1e7ed17dd4312a298b6024bfd1baf51654bc49e3f03c798005babf0c7922d6a7"},
    {file = "sqlalchemy-2.0.47-cp310-cp310-musllinux_1_2_x86_64.whl", hash = "sha256:6992e353fcb0593eb42d95ad84b3e58fe40b5e37fd332b9ccba28f4b2f36d1fc"},
    {file = "sqlalchemy-2.0.47-cp310-cp310-win32.whl", hash = "sha256:05a6d58ed99ebd01303c92d29a0c9cbf70f637b3ddd155f5172c5a7239940998"},
    {file = "sqlalchemy-2.0.47-cp310-cp310-win_amd64.whl", hash = "sha256:4a7aa4a584cc97e268c11e700dea0b763874eaebb435e75e7d0ffee5d90f5030"},
    {file = "sqlalchemy-2.0.47-cp311-cp311-macosx_11_0_arm64.whl", hash = "sha256:3a1dbf0913879c443617d6b64403cf2801c941651db8c60e96d204ed9388d6b0"},
    {file = "sqlalchemy-2.0.47-cp311-cp311-manylinux2014_aarch64.manylinux_2_17_aarch64.manylinux_2_28_aarch64.whl", hash = "sha256:775effbb97ea3b00c4dd3aeaf3ba8acba6e3e2b4b41d17d67a27e696843dbc95"},
    {file = "sqlalchemy-2.0.47-cp311-cp311-manylinux2014_x86_64.manylinux_2_17_x86_64.manylinux_2_28_x86_64.whl", hash = "sha256:56cc834a3ffac34270cc2a41875e0f40e97aa651f4f3ca1cfbbf421c044cb62b"},
    {file = "sqlalchemy-2.0.47-cp311-cp311-musllinux_1_2_aarch64.whl", hash = "sha256:49b5e0c7244262f39e767c018e4fdb5e5dbc23cd54c5ddac8eea8f0ba32ef890"},
    {file = "sqlalchemy-2.0.47-cp311-cp311-musllinux_1_2_x86_64.whl", hash = "sha256:15cd822a3f1f6f77b5b841a30c1a07a07f7dee3385f17e638e1722de9ab683be"},
    {file = "sqlalchemy-2.0.47-cp311-cp311-win32.whl", hash = "sha256:9847a19548cd283a65e1ce0afd54016598d55ff72682d6fd3e493af6fc044064"},
    {file = "sqlalchemy-2.0.47-cp311-cp311-win_amd64.whl", hash = "sha256:722abf1c82aeca46a1a0803711244a48a298279eeaec9e02f7bfee9e064182e5"},
    {file = "sqlalchemy-2.0.47-cp312-cp312-macosx_11_0_arm64.whl", hash = "sha256:4fa91b19d6b9821c04cc8f7aa2476429cc8887b9687c762815aa629f5c0edec1"},
    {file = "sqlalchemy-2.0.47-cp312-cp312-manylinux2014_aarch64.manylinux_2_17_aarch64.manylinux_2_28_aarch64.whl", hash = "sha256:7c5bbbd14eff577c8c79cbfe39a0771eecd20f430f3678533476f0087138f356"},
    {file = "sqlalchemy-2.0.47-cp312-cp312-manylinux2014_x86_64.manylinux_2_17_x86_64.manylinux_2_28_x86_64.whl", hash = "sha256:a5a6c555da8d4280a3c4c78c5b7a3f990cee2b2884e5f934f87a226191682ff7"},
    {file = "sqlalchemy-2.0.47-cp312-cp312-musllinux_1_2_aarch64.whl", hash = "sha256:ed48a1701d24dff3bb49a5bce94d6bc84cbe33d98af2aa2d3cdcce3dea1709ec"},
    {file = "sqlalchemy-2.0.47-cp312-cp312-musllinux_1_2_x86_64.whl", hash = "sha256:4f3178c920ad98158f0b6309382194df04b14808fa6052ae07099fdde29d5602"},
    {file = "sqlalchemy-2.0.47-cp312-cp312-win32.whl", hash = "sha256:b9c11ac9934dd59ece9619fe42780a08abe2faab7b0543bb00d5eabea4f421b9"},
    {file = "sqlalchemy-2.0.47-cp312-cp312-win_amd64.whl", hash = "sha256:db43b72cf8274a99e089755c9c1e0b947159b71adbc2c83c3de2e38d5d607acb"},
    {file = "sqlalchemy-2.0.47-cp313-cp313-macosx_11_0_arm64.whl", hash = "sha256:456a135b790da5d3c6b53d0ef71ac7b7d280b7f41eb0c438986352bf03ca7143"},
    {file = "sqlalchemy-2.0.47-cp313-cp313-manylinux2014_aarch64.manylinux_2_17_aarch64.manylinux_2_28_aarch64.whl", hash = "sha256:09a2f7698e44b3135433387da5d8846cf7cc7c10e5425af7c05fee609df978b6"},
    {file = "sqlalchemy-2.0.47-cp313-cp313-manylinux2014_x86_64.manylinux_2_17_x86_64.manylinux_2_28_x86_64.whl", hash = "sha256:a0bbc72e6a177c78d724f9106aaddc0d26a2ada89c6332b5935414eccf04cbd5"},
    {file = "sqlalchemy-2.0.47-cp313-cp313-musllinux_1_2_aarch64.whl", hash = "sha256:75460456b043b78b6006e41bdf5b86747ee42eafaf7fffa3b24a6e9a456a2092"},
    {file = "sqlalchemy-2.0.47-cp313-cp313-musllinux_1_2_x86_64.whl", hash = "sha256:5d9adaa616c3bc7d80f9ded57cd84b51d6617cad6a5456621d858c9f23aaee01"},
    {file = "sqlalchemy-2.0.47-cp313-cp313-win32.whl", hash = "sha256:76e09f974382a496a5ed985db9343628b1cb1ac911f27342e4cc46a8bac10476"},
    {file = "sqlalchemy-2.0.47-cp313-cp313-win_amd64.whl", hash = "sha256:0664089b0bf6724a0bfb49a0cf4d4da24868a0a5c8e937cd7db356d5dcdf2c66"},
    {file = "sqlalchemy-2.0.47-cp313-cp313t-manylinux2014_aarch64.manylinux_2_17_aarch64.manylinux_2_28_aarch64.whl", hash = "sha256:ed0c967c701ae13da98eb220f9ddab3044ab63504c1ba24ad6a59b26826ad003"},
    {file = "sqlalchemy-2.0.47-cp313-cp313t-manylinux2014_x86_64.manylinux_2_17_x86_64.manylinux_2_28_x86_64.whl", hash = "sha256:d3537943a61fd25b241e976426a0c6814434b93cf9b09d39e8e78f3c9eb9a487"},
    {file = "sqlalchemy-2.0.47-cp313-cp313t-musllinux_1_2_aarch64.whl", hash = "sha256:57f7e336a64a0dba686c66392d46b9bc7af2c57d55ce6dc1697b4ef32b043ceb"},
    {file = "sqlalchemy-2.0.47-cp313-cp313t-musllinux_1_2_x86_64.whl", hash = "sha256:dff735a621858680217cb5142b779bad40ef7322ddbb7c12062190db6879772e"},
    {file = "sqlalchemy-2.0.47-cp313-cp313t-win32.whl", hash = "sha256:3893dc096bb3cca9608ea3487372ffcea3ae9b162f40e4d3c51dd49db1d1b2dc"},
    {file = "sqlalchemy-2.0.47-cp313-cp313t-win_amd64.whl", hash = "sha256:b5103427466f4b3e61f04833ae01f9a914b1280a2a8bcde3a9d7ab11f3755b42"},
    {file = "sqlalchemy-2.0.47-cp314-cp314-macosx_11_0_arm64.whl", hash = "sha256:b03010a5a5dfe71676bc83f2473ebe082478e32d77e6f082c8fe15a31c3b42a6"},
    {file = "sqlalchemy-2.0.47-cp314-cp314-manylinux2014_aarch64.manylinux_2_17_aarch64.manylinux_2_28_aarch64.whl", hash = "sha256:f8e3371aa9024520883a415a09cc20c33cfd3eeccf9e0f4f4c367f940b9cbd44"},
    {file = "sqlalchemy-2.0.47-cp314-cp314-manylinux2014_x86_64.manylinux_2_17_x86_64.manylinux_2_28_x86_64.whl", hash = "sha256:c9449f747e50d518c6e1b40cc379e48bfc796453c47b15e627ea901c201e48a6"},
    {file = "sqlalchemy-2.0.47-cp314-cp314-musllinux_1_2_aarch64.whl", hash = "sha256:21410f60d5cac1d6bfe360e05bd91b179be4fa0aa6eea6be46054971d277608f"},
    {file = "sqlalchemy-2.0.47-cp314-cp314-musllinux_1_2_x86_64.whl", hash = "sha256:819841dd5bb4324c284c09e2874cf96fe6338bfb57a64548d9b81a4e39c9871f"},
    {file = "sqlalchemy-2.0.47-cp314-cp314-win32.whl", hash = "sha256:e255ee44821a7ef45649c43064cf94e74f81f61b4df70547304b97a351e9b7db"},
    {file = "sqlalchemy-2.0.47-cp314-cp314-win_amd64.whl", hash = "sha256:209467ff73ea1518fe1a5aaed9ba75bb9e33b2666e2553af9ccd13387bf192cb"},
    {file = "sqlalchemy-2.0.47-cp314-cp314t-manylinux2014_aarch64.manylinux_2_17_aarch64.manylinux_2_28_aarch64.whl", hash = "sha256:e78fd9186946afaa287f8a1fe147ead06e5d566b08c0afcb601226e9c7322a64"},
    {file = "sqlalchemy-2.0.47-cp314-cp314t-manylinux2014_x86_64.manylinux_2_17_x86_64.manylinux_2_28_x86_64.whl", hash = "sha256:5740e2f31b5987ed9619d6912ae5b750c03637f2078850da3002934c9532f172"},
    {file = "sqlalchemy-2.0.47-cp314-cp314t-musllinux_1_2_aarch64.whl", hash = "sha256:fb9ac00d03de93acb210e8ec7243fefe3e012515bf5fd2f0898c8dff38bc77a4"},
    {file = "sqlalchemy-2.0.47-cp314-cp314t-musllinux_1_2_x86_64.whl", hash = "sha256:c72a0b9eb2672d70d112cb149fbaf172d466bc691014c496aaac594f1988e706"},
    {file = "sqlalchemy-2.0.47-cp314-cp314t-win32.whl", hash = "sha256:c200db1128d72a71dc3c31c24b42eb9fd85b2b3e5a3c9ba1e751c11ac31250ff"},
    {file = "sqlalchemy-2.0.47-cp314-cp314t-win_amd64.whl", hash = "sha256:669837759b84e575407355dcff912835892058aea9b80bd1cb76d6a151cf37f7"},
    {file = "sqlalchemy-2.0.47-cp38-cp38-macosx_11_0_arm64.whl", hash = "sha256:fe3f8519a52ca5032015780de3fc4e6ab42c6e0bcf9d807143a3d17b3350d546"},
    {file = "sqlalchemy-2.0.47-cp38-cp38-manylinux2014_aarch64.manylinux_2_17_aarch64.manylinux_2_28_aarch64.whl", hash = "sha256:d6acfc1f95ed0369e0c4100d98870c9c4bfd56818ddc825357a0a979d5973195"},
    {file = "sqlalchemy-2.0.47-cp38-cp38-manylinux2014_x86_64.manylinux_2_17_x86_64.manylinux_2_28_x86_64.whl", hash = "sha256:f530b939eca775f6f77fa359a3e7039209a96958c1aa28c1b796f600e0fee7cd"},
    {file = "sqlalchemy-2.0.47-cp38-cp38-musllinux_1_2_aarch64.whl", hash = "sha256:0a6fdf665268dfe0ba52fb2d8d62deee96b297d460e2797bdd52d2d1941dd8cd"},
    {file = "sqlalchemy-2.0.47-cp38-cp38-musllinux_1_2_x86_64.whl", hash = "sha256:25b3c189dab94dedb6db9d4e06476ce955182e7f45412b096ae9033519e33ce8"},
    {file = "sqlalchemy-2.0.47-cp38-cp38-win32.whl", hash = "sha256:a8f991cac31b673aff1648cafb8b10022719e5a632bbadaa9c5d41511bd507a5"},
    {file = "sqlalchemy-2.0.47-cp38-cp38-win_amd64.whl", hash = "sha256:52be08b31f70bed2ed05c5c4b8237cf361a8581f32a5e89f9dfc295f795db10f"},
    {file = "sqlalchemy-2.0.47-cp39-cp39-macosx_11_0_arm64.whl", hash = "sha256:d7477190e90852c00bf654b70ae21e5b85b5ac4d09094cf82e84eb3abdb6c5a7"},
    {file = "sqlalchemy-2.0.47-cp39-cp39-manylinux2014_aarch64.manylinux_2_17_aarch64.manylinux_2_28_aarch64.whl", hash = "sha256:cb0b3e4946bf05d68673a1857db1a16bd58207c83ebc4ed5732a6e60029bac2d"},
    {file = "sqlalchemy-2.0.47-cp39-cp39-manylinux2014_x86_64.manylinux_2_17_x86_64.manylinux_2_28_x86_64.whl", hash = "sha256:9bc111a5b98881b7e1ab108921f2fcc09fa06abbd98f4f0ed6cb2c23e70cdd23"},
    {file = "sqlalchemy-2.0.47-cp39-cp39-musllinux_1_2_aarch64.whl", hash = "sha256:97bf49caf4e405c18f3b9f695751c5bf14a9d8899c6e54eaeb49dda0d4fa009d"},
    {file = "sqlalchemy-2.0.47-cp39-cp39-musllinux_1_2_x86_64.whl", hash = "sha256:d2fa029051d3db77ad79a55c3ddf005bd7c038a111af0db9b56158857702aef6"},
    {file = "sqlalchemy-2.0.47-cp39-cp39-win32.whl", hash = "sha256:6e547682d508d141de942484b9976cbee91b7a50739d4ee25b3d0a62dd71a954"},
    {file = "sqlalchemy-2.0.47-cp39-cp39-win_amd64.whl", hash = "sha256:bb833131169444c87160aa95fcdd22ae86d0fa4ef174d36b3dfb9be363b4e574"},
    {file = "sqlalchemy-2.0.47-py3-none-any.whl", hash = "sha256:e2647043599297a1ef10e720cf310846b7f31b6c841fee093d2b09d81215eb93"},
    {file = "sqlalchemy-2.0.47.tar.gz", hash = "sha256:e3e7feb57b267fe897e492b9721ae46d5c7de6f9e8dee58aacf105dc4e154f3d"},
]

[package.dependencies]
greenlet = {version = ">=1", markers = "platform_machine == \"aarch64\" or platform_machine == \"ppc64le\" or platform_machine == \"x86_64\" or platform_machine == \"amd64\" or platform_machine == \"AMD64\" or platform_machine == \"win32\" or platform_machine == \"WIN32\""}
typing-extensions = ">=4.6.0"

[package.extras]
aiomysql = ["aiomysql (>=0.2.0)", "greenlet (>=1)"]
aioodbc = ["aioodbc", "greenlet (>=1)"]
aiosqlite = ["aiosqlite", "greenlet (>=1)", "typing_extensions (!=3.10.0.1)"]
asyncio = ["greenlet (>=1)"]
asyncmy = ["asyncmy (>=0.2.3,!=0.2.4,!=0.2.6)", "greenlet (>=1)"]
mariadb-connector = ["mariadb (>=1.0.1,!=1.1.2,!=1.1.5,!=1.1.10)"]
mssql = ["pyodbc"]
mssql-pymssql = ["pymssql"]
mssql-pyodbc = ["pyodbc"]
mypy = ["mypy (>=0.910)"]
mysql = ["mysqlclient (>=1.4.0)"]
mysql-connector = ["mysql-connector-python"]
oracle = ["cx_oracle (>=8)"]
oracle-oracledb = ["oracledb (>=1.0.1)"]
postgresql = ["psycopg2 (>=2.7)"]
postgresql-asyncpg = ["asyncpg", "greenlet (>=1)"]
postgresql-pg8000 = ["pg8000 (>=1.29.1)"]
postgresql-psycopg = ["psycopg (>=3.0.7)"]
postgresql-psycopg2binary = ["psycopg2-binary"]
postgresql-psycopg2cffi = ["psycopg2cffi"]
postgresql-psycopgbinary = ["psycopg[binary] (>=3.0.7)"]
pymysql = ["pymysql"]
sqlcipher = ["sqlcipher3_binary"]

[[package]]
name = "typing-extensions"
version = "4.15.0"
description = "Backported and Experimental Type Hints for Python 3.9+"
optional = false
python-versions = ">=3.9"
groups = ["main"]
files = [
    {file = "typing_extensions-4.15.0-py3-none-any.whl", hash = "sha256:f0fa19c6845758ab08074a0cfa8b7aecb71c999ca73d62883bc25cc018c4e548"},
    {file = "typing_extensions-4.15.0.tar.gz", hash = "sha256:0cea48d173cc12fa28ecabc3b837ea3cf6f38c6d1136f85cbaaf598984861466"},
]

[metadata]
lock-version = "2.1"
python-versions = ">=3.14"
content-hash = "752b63895b6725e8b832c1f1ea77be76ffd7ae7179299480d3b110736eea646f"
